
Microsoft Visual Studio Solution File, Format Version 12.00
# Visual Studio Version 16
VisualStudioVersion = 16.0.30804.86
MinimumVisualStudioVersion = 10.0.40219.1
Project("{9A19103F-16F7-4668-BE54-9A1E7A4F7556}") = "ThreePolaRisers", "ThreePolaRisers\ThreePolaRisers.csproj", "{241464AD-2A71-4EA7-83CC-5796D9A098E0}"
EndProject
Project("{9A19103F-16F7-4668-BE54-9A1E7A4F7556}") = "QuantumAmps", "QuantumAmps\QuantumAmps.csproj", "{B23836A0-4424-4BD7-9125-59137D64F1D0}"
EndProject
Global
	GlobalSection(SolutionConfigurationPlatforms) = preSolution
		Debug|Any CPU = Debug|Any CPU
		Release|Any CPU = Release|Any CPU
	EndGlobalSection
	GlobalSection(ProjectConfigurationPlatforms) = postSolution
		{241464AD-2A71-4EA7-83CC-5796D9A098E0}.Debug|Any CPU.ActiveCfg = Debug|Any CPU
		{241464AD-2A71-4EA7-83CC-5796D9A098E0}.Debug|Any CPU.Build.0 = Debug|Any CPU
		{241464AD-2A71-4EA7-83CC-5796D9A098E0}.Release|Any CPU.ActiveCfg = Release|Any CPU
		{241464AD-2A71-4EA7-83CC-5796D9A098E0}.Release|Any CPU.Build.0 = Release|Any CPU
		{B23836A0-4424-4BD7-9125-59137D64F1D0}.Debug|Any CPU.ActiveCfg = Debug|Any CPU
		{B23836A0-4424-4BD7-9125-59137D64F1D0}.Debug|Any CPU.Build.0 = Debug|Any CPU
		{B23836A0-4424-4BD7-9125-59137D64F1D0}.Release|Any CPU.ActiveCfg = Release|Any CPU
		{B23836A0-4424-4BD7-9125-59137D64F1D0}.Release|Any CPU.Build.0 = Release|Any CPU
	EndGlobalSection
	GlobalSection(SolutionProperties) = preSolution
		HideSolutionNode = FALSE
	EndGlobalSection
	GlobalSection(ExtensibilityGlobals) = postSolution
		SolutionGuid = {1B02F11F-3532-4C1B-AFD3-5B733AF4EE95}
	EndGlobalSection
EndGlobal
